
Microsoft Visual Studio Solution File, Format Version 12.00
# Visual Studio Version 17
VisualStudioVersion = 17.14.36327.8 d17.14
MinimumVisualStudioVersion = 10.0.40219.1
Project("{FAE04EC0-301F-11D3-BF4B-00C04F79EFBC}") = "Ejercicio1", "Ejercicio1\Ejercicio1.csproj", "{BFEC450A-47A6-4740-9C56-03943BC52CA1}"
EndProject
Project("{FAE04EC0-301F-11D3-BF4B-00C04F79EFBC}") = "Ejercicio2", "Ejercicio2\Ejercicio2.csproj", "{47083AAE-F1DB-4AB0-BE6C-18846C9CBE3E}"
EndProject
Global
	GlobalSection(SolutionConfigurationPlatforms) = preSolution
		Debug|Any CPU = Debug|Any CPU
		Release|Any CPU = Release|Any CPU
	EndGlobalSection
	GlobalSection(ProjectConfigurationPlatforms) = postSolution
		{BFEC450A-47A6-4740-9C56-03943BC52CA1}.Debug|Any CPU.ActiveCfg = Debug|Any CPU
		{BFEC450A-47A6-4740-9C56-03943BC52CA1}.Debug|Any CPU.Build.0 = Debug|Any CPU
		{BFEC450A-47A6-4740-9C56-03943BC52CA1}.Release|Any CPU.ActiveCfg = Release|Any CPU
		{BFEC450A-47A6-4740-9C56-03943BC52CA1}.Release|Any CPU.Build.0 = Release|Any CPU
		{47083AAE-F1DB-4AB0-BE6C-18846C9CBE3E}.Debug|Any CPU.ActiveCfg = Debug|Any CPU
		{47083AAE-F1DB-4AB0-BE6C-18846C9CBE3E}.Debug|Any CPU.Build.0 = Debug|Any CPU
		{47083AAE-F1DB-4AB0-BE6C-18846C9CBE3E}.Release|Any CPU.ActiveCfg = Release|Any CPU
		{47083AAE-F1DB-4AB0-BE6C-18846C9CBE3E}.Release|Any CPU.Build.0 = Release|Any CPU
	EndGlobalSection
	GlobalSection(SolutionProperties) = preSolution
		HideSolutionNode = FALSE
	EndGlobalSection
	GlobalSection(ExtensibilityGlobals) = postSolution
		SolutionGuid = {752D9873-919C-4A5A-9D5F-9F993301BD3B}
	EndGlobalSection
EndGlobal
